// !$*UTF8*$!
{
	archiveVersion = 1;
	classes = {
	};
	objectVersion = 51;
	objects = {

/* Begin PBXBuildFile section */
		4A118A4B22FD0A670072D353 /* ChapterVC.swift in Sources */ = {isa = PBXBuildFile; fileRef = 4A118A4A22FD0A670072D353 /* ChapterVC.swift */; };
		4A118A4D22FD0A930072D353 /* ChapterCollectionViewCell.swift in Sources */ = {isa = PBXBuildFile; fileRef = 4A118A4C22FD0A930072D353 /* ChapterCollectionViewCell.swift */; };
		4A118A4F22FD0B510072D353 /* ChapterHeaderView.swift in Sources */ = {isa = PBXBuildFile; fileRef = 4A118A4E22FD0B510072D353 /* ChapterHeaderView.swift */; };
		4A118A5122FD107F0072D353 /* CommentVC.swift in Sources */ = {isa = PBXBuildFile; fileRef = 4A118A5022FD107F0072D353 /* CommentVC.swift */; };
		4A118A5322FD46A70072D353 /* ReadCollectionViewCell.swift in Sources */ = {isa = PBXBuildFile; fileRef = 4A118A5222FD46A70072D353 /* ReadCollectionViewCell.swift */; };
		4A118A5522FD49300072D353 /* ChapterReadVC.swift in Sources */ = {isa = PBXBuildFile; fileRef = 4A118A5422FD49300072D353 /* ChapterReadVC.swift */; };
		4A118A5722FD49720072D353 /* ReadTopBarView.swift in Sources */ = {isa = PBXBuildFile; fileRef = 4A118A5622FD49720072D353 /* ReadTopBarView.swift */; };
		4A118A5922FD4A5A0072D353 /* ReadBottomBarView.swift in Sources */ = {isa = PBXBuildFile; fileRef = 4A118A5822FD4A5A0072D353 /* ReadBottomBarView.swift */; };
		4A118A5B22FD67E30072D353 /* ComicTVCell.swift in Sources */ = {isa = PBXBuildFile; fileRef = 4A118A5A22FD67E30072D353 /* ComicTVCell.swift */; };
		4A14E19322F415C300B74C60 /* LBUAPI.swift in Sources */ = {isa = PBXBuildFile; fileRef = 4A14E19222F415C300B74C60 /* LBUAPI.swift */; };
		4A14E19522F417A900B74C60 /* LBUModel.swift in Sources */ = {isa = PBXBuildFile; fileRef = 4A14E19422F417A900B74C60 /* LBUModel.swift */; };
		4A14E19722F4243600B74C60 /* BaseCollectionViewCell.swift in Sources */ = {isa = PBXBuildFile; fileRef = 4A14E19622F4243600B74C60 /* BaseCollectionViewCell.swift */; };
		4A14E19A22F427DA00B74C60 /* UCollectionViewAlignedLayout.swift in Sources */ = {isa = PBXBuildFile; fileRef = 4A14E19822F427DA00B74C60 /* UCollectionViewAlignedLayout.swift */; };
		4A14E19B22F427DA00B74C60 /* UCollectionViewSectionBackgroundLayout.swift in Sources */ = {isa = PBXBuildFile; fileRef = 4A14E19922F427DA00B74C60 /* UCollectionViewSectionBackgroundLayout.swift */; };
		4A14E19D22F42D0300B74C60 /* ComicCollectionViewCell.swift in Sources */ = {isa = PBXBuildFile; fileRef = 4A14E19C22F42D0300B74C60 /* ComicCollectionViewCell.swift */; };
		4A14E19F22F4328300B74C60 /* BoardCollectionViewCell.swift in Sources */ = {isa = PBXBuildFile; fileRef = 4A14E19E22F4328300B74C60 /* BoardCollectionViewCell.swift */; };
		4A14E1A122F4331600B74C60 /* BaseCollectionReusableView.swift in Sources */ = {isa = PBXBuildFile; fileRef = 4A14E1A022F4331600B74C60 /* BaseCollectionReusableView.swift */; };
		4A14E1A322F433BB00B74C60 /* ComicCollectionHeaderView.swift in Sources */ = {isa = PBXBuildFile; fileRef = 4A14E1A222F433BB00B74C60 /* ComicCollectionHeaderView.swift */; };
		4A14E1A522F437BD00B74C60 /* ArrayExtensions.swift in Sources */ = {isa = PBXBuildFile; fileRef = 4A14E1A422F437BD00B74C60 /* ArrayExtensions.swift */; };
		4A200A5822F809D600FAC019 /* HomeMainVC.swift in Sources */ = {isa = PBXBuildFile; fileRef = 4A200A5722F809D600FAC019 /* HomeMainVC.swift */; };
		4A53021D22F145F100571CB0 /* AppDelegate.swift in Sources */ = {isa = PBXBuildFile; fileRef = 4A53021C22F145F100571CB0 /* AppDelegate.swift */; };
		4A53022222F145F100571CB0 /* Main.storyboard in Resources */ = {isa = PBXBuildFile; fileRef = 4A53022022F145F100571CB0 /* Main.storyboard */; };
		4A53022422F145F200571CB0 /* Assets.xcassets in Resources */ = {isa = PBXBuildFile; fileRef = 4A53022322F145F200571CB0 /* Assets.xcassets */; };
		4A53022722F145F200571CB0 /* LaunchScreen.storyboard in Resources */ = {isa = PBXBuildFile; fileRef = 4A53022522F145F200571CB0 /* LaunchScreen.storyboard */; };
		4A53023222F145F200571CB0 /* CACartoonTests.swift in Sources */ = {isa = PBXBuildFile; fileRef = 4A53023122F145F200571CB0 /* CACartoonTests.swift */; };
		4A53023D22F145F200571CB0 /* CACartoonUITests.swift in Sources */ = {isa = PBXBuildFile; fileRef = 4A53023C22F145F200571CB0 /* CACartoonUITests.swift */; };
		4A53024D22F16E3600571CB0 /* CATabBarVC.swift in Sources */ = {isa = PBXBuildFile; fileRef = 4A53024C22F16E3600571CB0 /* CATabBarVC.swift */; };
		4A53025522F18E9D00571CB0 /* MyVC.swift in Sources */ = {isa = PBXBuildFile; fileRef = 4A53025422F18E9D00571CB0 /* MyVC.swift */; };
		4A53025722F18EDB00571CB0 /* BookVC.swift in Sources */ = {isa = PBXBuildFile; fileRef = 4A53025622F18EDB00571CB0 /* BookVC.swift */; };
		4A53025B22F1932200571CB0 /* SystemCommon.swift in Sources */ = {isa = PBXBuildFile; fileRef = 4A53025A22F1932200571CB0 /* SystemCommon.swift */; };
		4A6BB952230296FD009CD5B7 /* aboutVC.swift in Sources */ = {isa = PBXBuildFile; fileRef = 4A6BB951230296FD009CD5B7 /* aboutVC.swift */; };
		4A6BB9542302A419009CD5B7 /* ChapterView.swift in Sources */ = {isa = PBXBuildFile; fileRef = 4A6BB9532302A419009CD5B7 /* ChapterView.swift */; };
		4A6E5C7D23013AA8003F8528 /* UpdateListVC.swift in Sources */ = {isa = PBXBuildFile; fileRef = 4A6E5C7C23013AA8003F8528 /* UpdateListVC.swift */; };
		4A6E5C7F23013AF8003F8528 /* UpdateTVCell.swift in Sources */ = {isa = PBXBuildFile; fileRef = 4A6E5C7E23013AF8003F8528 /* UpdateTVCell.swift */; };
		4A6E5C812301439A003F8528 /* UEmptyDataSet.swift in Sources */ = {isa = PBXBuildFile; fileRef = 4A6E5C802301439A003F8528 /* UEmptyDataSet.swift */; };
		4A6E5C8323014E7A003F8528 /* SearchVC.swift in Sources */ = {isa = PBXBuildFile; fileRef = 4A6E5C8223014E7A003F8528 /* SearchVC.swift */; };
		4A76620822F2B7D400B0C415 /* HomeCommentVC.swift in Sources */ = {isa = PBXBuildFile; fileRef = 4A76620722F2B7D400B0C415 /* HomeCommentVC.swift */; };
		4A76620A22F2B7EC00B0C415 /* HomeVIPVC.swift in Sources */ = {isa = PBXBuildFile; fileRef = 4A76620922F2B7EC00B0C415 /* HomeVIPVC.swift */; };
		4A76620C22F2B80700B0C415 /* HomeSubscibeVC.swift in Sources */ = {isa = PBXBuildFile; fileRef = 4A76620B22F2B80600B0C415 /* HomeSubscibeVC.swift */; };
		4A76620E22F2B81D00B0C415 /* HomeRankVC.swift in Sources */ = {isa = PBXBuildFile; fileRef = 4A76620D22F2B81D00B0C415 /* HomeRankVC.swift */; };
		4A76621322F2B91C00B0C415 /* KindVC.swift in Sources */ = {isa = PBXBuildFile; fileRef = 4A76621222F2B91C00B0C415 /* KindVC.swift */; };
		4A76621722F2D5F800B0C415 /* ComicListVC.swift in Sources */ = {isa = PBXBuildFile; fileRef = 4A76621622F2D5F800B0C415 /* ComicListVC.swift */; };
		4A84221F22F96484009C9692 /* BaseTableViewCell.swift in Sources */ = {isa = PBXBuildFile; fileRef = 4A84221E22F96484009C9692 /* BaseTableViewCell.swift */; };
		4A84222122F964C9009C9692 /* RankTableViewCell.swift in Sources */ = {isa = PBXBuildFile; fileRef = 4A84222022F964C9009C9692 /* RankTableViewCell.swift */; };
		4A84222322F9715C009C9692 /* ComicVC.swift in Sources */ = {isa = PBXBuildFile; fileRef = 4A84222222F9715C009C9692 /* ComicVC.swift */; };
		4AA8B28222FA713A0093F203 /* KindCollectionViewCell.swift in Sources */ = {isa = PBXBuildFile; fileRef = 4AA8B28122FA713A0093F203 /* KindCollectionViewCell.swift */; };
		4AA8B28622FAA8A40093F203 /* SpecialTVCell.swift in Sources */ = {isa = PBXBuildFile; fileRef = 4AA8B28522FAA8A40093F203 /* SpecialTVCell.swift */; };
		4AA8B28822FAAED70093F203 /* WebViewController.swift in Sources */ = {isa = PBXBuildFile; fileRef = 4AA8B28722FAAED70093F203 /* WebViewController.swift */; };
		4AFBF14D22FBBFD1005A5D0F /* ComicHeadView.swift in Sources */ = {isa = PBXBuildFile; fileRef = 4AFBF14C22FBBFD1005A5D0F /* ComicHeadView.swift */; };
		4AFBF14F22FBC3E4005A5D0F /* UIViewExtension.swift in Sources */ = {isa = PBXBuildFile; fileRef = 4AFBF14E22FBC3E4005A5D0F /* UIViewExtension.swift */; };
		D6B79DB7B6AE31F0C8DCE3B3 /* Pods_CACartoon.framework in Frameworks */ = {isa = PBXBuildFile; fileRef = AEE5A9352E4F66DC59D566DF /* Pods_CACartoon.framework */; };
/* End PBXBuildFile section */

/* Begin PBXContainerItemProxy section */
		4A53022E22F145F200571CB0 /* PBXContainerItemProxy */ = {
			isa = PBXContainerItemProxy;
			containerPortal = 4A53021122F145F100571CB0 /* Project object */;
			proxyType = 1;
			remoteGlobalIDString = 4A53021822F145F100571CB0;
			remoteInfo = CACartoon;
		};
		4A53023922F145F200571CB0 /* PBXContainerItemProxy */ = {
			isa = PBXContainerItemProxy;
			containerPortal = 4A53021122F145F100571CB0 /* Project object */;
			proxyType = 1;
			remoteGlobalIDString = 4A53021822F145F100571CB0;
			remoteInfo = CACartoon;
		};
/* End PBXContainerItemProxy section */

/* Begin PBXFileReference section */
		4A118A4A22FD0A670072D353 /* ChapterVC.swift */ = {isa = PBXFileReference; lastKnownFileType = sourcecode.swift; path = ChapterVC.swift; sourceTree = "<group>"; };
		4A118A4C22FD0A930072D353 /* ChapterCollectionViewCell.swift */ = {isa = PBXFileReference; lastKnownFileType = sourcecode.swift; path = ChapterCollectionViewCell.swift; sourceTree = "<group>"; };
		4A118A4E22FD0B510072D353 /* ChapterHeaderView.swift */ = {isa = PBXFileReference; lastKnownFileType = sourcecode.swift; path = ChapterHeaderView.swift; sourceTree = "<group>"; };
		4A118A5022FD107F0072D353 /* CommentVC.swift */ = {isa = PBXFileReference; lastKnownFileType = sourcecode.swift; path = CommentVC.swift; sourceTree = "<group>"; };
		4A118A5222FD46A70072D353 /* ReadCollectionViewCell.swift */ = {isa = PBXFileReference; lastKnownFileType = sourcecode.swift; path = ReadCollectionViewCell.swift; sourceTree = "<group>"; };
		4A118A5422FD49300072D353 /* ChapterReadVC.swift */ = {isa = PBXFileReference; lastKnownFileType = sourcecode.swift; path = ChapterReadVC.swift; sourceTree = "<group>"; };
		4A118A5622FD49720072D353 /* ReadTopBarView.swift */ = {isa = PBXFileReference; lastKnownFileType = sourcecode.swift; path = ReadTopBarView.swift; sourceTree = "<group>"; };
		4A118A5822FD4A5A0072D353 /* ReadBottomBarView.swift */ = {isa = PBXFileReference; lastKnownFileType = sourcecode.swift; path = ReadBottomBarView.swift; sourceTree = "<group>"; };
		4A118A5A22FD67E30072D353 /* ComicTVCell.swift */ = {isa = PBXFileReference; lastKnownFileType = sourcecode.swift; path = ComicTVCell.swift; sourceTree = "<group>"; };
		4A14E19222F415C300B74C60 /* LBUAPI.swift */ = {isa = PBXFileReference; lastKnownFileType = sourcecode.swift; path = LBUAPI.swift; sourceTree = "<group>"; };
		4A14E19422F417A900B74C60 /* LBUModel.swift */ = {isa = PBXFileReference; lastKnownFileType = sourcecode.swift; path = LBUModel.swift; sourceTree = "<group>"; };
		4A14E19622F4243600B74C60 /* BaseCollectionViewCell.swift */ = {isa = PBXFileReference; lastKnownFileType = sourcecode.swift; path = BaseCollectionViewCell.swift; sourceTree = "<group>"; };
		4A14E19822F427DA00B74C60 /* UCollectionViewAlignedLayout.swift */ = {isa = PBXFileReference; fileEncoding = 4; lastKnownFileType = sourcecode.swift; path = UCollectionViewAlignedLayout.swift; sourceTree = "<group>"; };
		4A14E19922F427DA00B74C60 /* UCollectionViewSectionBackgroundLayout.swift */ = {isa = PBXFileReference; fileEncoding = 4; lastKnownFileType = sourcecode.swift; path = UCollectionViewSectionBackgroundLayout.swift; sourceTree = "<group>"; };
		4A14E19C22F42D0300B74C60 /* ComicCollectionViewCell.swift */ = {isa = PBXFileReference; lastKnownFileType = sourcecode.swift; path = ComicCollectionViewCell.swift; sourceTree = "<group>"; };
		4A14E19E22F4328300B74C60 /* BoardCollectionViewCell.swift */ = {isa = PBXFileReference; lastKnownFileType = sourcecode.swift; path = BoardCollectionViewCell.swift; sourceTree = "<group>"; };
		4A14E1A022F4331600B74C60 /* BaseCollectionReusableView.swift */ = {isa = PBXFileReference; lastKnownFileType = sourcecode.swift; path = BaseCollectionReusableView.swift; sourceTree = "<group>"; };
		4A14E1A222F433BB00B74C60 /* ComicCollectionHeaderView.swift */ = {isa = PBXFileReference; lastKnownFileType = sourcecode.swift; path = ComicCollectionHeaderView.swift; sourceTree = "<group>"; };
		4A14E1A422F437BD00B74C60 /* ArrayExtensions.swift */ = {isa = PBXFileReference; fileEncoding = 4; lastKnownFileType = sourcecode.swift; path = ArrayExtensions.swift; sourceTree = "<group>"; };
		4A200A5722F809D600FAC019 /* HomeMainVC.swift */ = {isa = PBXFileReference; lastKnownFileType = sourcecode.swift; path = HomeMainVC.swift; sourceTree = "<group>"; };
		4A53021922F145F100571CB0 /* CACartoon.app */ = {isa = PBXFileReference; explicitFileType = wrapper.application; includeInIndex = 0; path = CACartoon.app; sourceTree = BUILT_PRODUCTS_DIR; };
		4A53021C22F145F100571CB0 /* AppDelegate.swift */ = {isa = PBXFileReference; lastKnownFileType = sourcecode.swift; path = AppDelegate.swift; sourceTree = "<group>"; };
		4A53022122F145F100571CB0 /* Base */ = {isa = PBXFileReference; lastKnownFileType = file.storyboard; name = Base; path = Base.lproj/Main.storyboard; sourceTree = "<group>"; };
		4A53022322F145F200571CB0 /* Assets.xcassets */ = {isa = PBXFileReference; lastKnownFileType = folder.assetcatalog; path = Assets.xcassets; sourceTree = "<group>"; };
		4A53022622F145F200571CB0 /* Base */ = {isa = PBXFileReference; lastKnownFileType = file.storyboard; name = Base; path = Base.lproj/LaunchScreen.storyboard; sourceTree = "<group>"; };
		4A53022822F145F200571CB0 /* Info.plist */ = {isa = PBXFileReference; lastKnownFileType = text.plist.xml; path = Info.plist; sourceTree = "<group>"; };
		4A53022D22F145F200571CB0 /* CACartoonTests.xctest */ = {isa = PBXFileReference; explicitFileType = wrapper.cfbundle; includeInIndex = 0; path = CACartoonTests.xctest; sourceTree = BUILT_PRODUCTS_DIR; };
		4A53023122F145F200571CB0 /* CACartoonTests.swift */ = {isa = PBXFileReference; lastKnownFileType = sourcecode.swift; path = CACartoonTests.swift; sourceTree = "<group>"; };
		4A53023322F145F200571CB0 /* Info.plist */ = {isa = PBXFileReference; lastKnownFileType = text.plist.xml; path = Info.plist; sourceTree = "<group>"; };
		4A53023822F145F200571CB0 /* CACartoonUITests.xctest */ = {isa = PBXFileReference; explicitFileType = wrapper.cfbundle; includeInIndex = 0; path = CACartoonUITests.xctest; sourceTree = BUILT_PRODUCTS_DIR; };
		4A53023C22F145F200571CB0 /* CACartoonUITests.swift */ = {isa = PBXFileReference; lastKnownFileType = sourcecode.swift; path = CACartoonUITests.swift; sourceTree = "<group>"; };
		4A53023E22F145F200571CB0 /* Info.plist */ = {isa = PBXFileReference; lastKnownFileType = text.plist.xml; path = Info.plist; sourceTree = "<group>"; };
		4A53024C22F16E3600571CB0 /* CATabBarVC.swift */ = {isa = PBXFileReference; lastKnownFileType = sourcecode.swift; path = CATabBarVC.swift; sourceTree = "<group>"; };
		4A53025422F18E9D00571CB0 /* MyVC.swift */ = {isa = PBXFileReference; lastKnownFileType = sourcecode.swift; path = MyVC.swift; sourceTree = "<group>"; };
		4A53025622F18EDB00571CB0 /* BookVC.swift */ = {isa = PBXFileReference; lastKnownFileType = sourcecode.swift; path = BookVC.swift; sourceTree = "<group>"; };
		4A53025A22F1932200571CB0 /* SystemCommon.swift */ = {isa = PBXFileReference; lastKnownFileType = sourcecode.swift; path = SystemCommon.swift; sourceTree = "<group>"; };
		4A6BB951230296FD009CD5B7 /* aboutVC.swift */ = {isa = PBXFileReference; lastKnownFileType = sourcecode.swift; path = aboutVC.swift; sourceTree = "<group>"; };
		4A6BB9532302A419009CD5B7 /* ChapterView.swift */ = {isa = PBXFileReference; lastKnownFileType = sourcecode.swift; path = ChapterView.swift; sourceTree = "<group>"; };
		4A6E5C7C23013AA8003F8528 /* UpdateListVC.swift */ = {isa = PBXFileReference; lastKnownFileType = sourcecode.swift; path = UpdateListVC.swift; sourceTree = "<group>"; };
		4A6E5C7E23013AF8003F8528 /* UpdateTVCell.swift */ = {isa = PBXFileReference; lastKnownFileType = sourcecode.swift; path = UpdateTVCell.swift; sourceTree = "<group>"; };
		4A6E5C802301439A003F8528 /* UEmptyDataSet.swift */ = {isa = PBXFileReference; fileEncoding = 4; lastKnownFileType = sourcecode.swift; path = UEmptyDataSet.swift; sourceTree = "<group>"; };
		4A6E5C8223014E7A003F8528 /* SearchVC.swift */ = {isa = PBXFileReference; lastKnownFileType = sourcecode.swift; path = SearchVC.swift; sourceTree = "<group>"; };
		4A76620722F2B7D400B0C415 /* HomeCommentVC.swift */ = {isa = PBXFileReference; lastKnownFileType = sourcecode.swift; path = HomeCommentVC.swift; sourceTree = "<group>"; };
		4A76620922F2B7EC00B0C415 /* HomeVIPVC.swift */ = {isa = PBXFileReference; lastKnownFileType = sourcecode.swift; path = HomeVIPVC.swift; sourceTree = "<group>"; };
		4A76620B22F2B80600B0C415 /* HomeSubscibeVC.swift */ = {isa = PBXFileReference; lastKnownFileType = sourcecode.swift; path = HomeSubscibeVC.swift; sourceTree = "<group>"; };
		4A76620D22F2B81D00B0C415 /* HomeRankVC.swift */ = {isa = PBXFileReference; lastKnownFileType = sourcecode.swift; path = HomeRankVC.swift; sourceTree = "<group>"; };
		4A76621222F2B91C00B0C415 /* KindVC.swift */ = {isa = PBXFileReference; lastKnownFileType = sourcecode.swift; path = KindVC.swift; sourceTree = "<group>"; };
		4A76621622F2D5F800B0C415 /* ComicListVC.swift */ = {isa = PBXFileReference; lastKnownFileType = sourcecode.swift; path = ComicListVC.swift; sourceTree = "<group>"; };
		4A84221E22F96484009C9692 /* BaseTableViewCell.swift */ = {isa = PBXFileReference; lastKnownFileType = sourcecode.swift; path = BaseTableViewCell.swift; sourceTree = "<group>"; };
		4A84222022F964C9009C9692 /* RankTableViewCell.swift */ = {isa = PBXFileReference; lastKnownFileType = sourcecode.swift; path = RankTableViewCell.swift; sourceTree = "<group>"; };
		4A84222222F9715C009C9692 /* ComicVC.swift */ = {isa = PBXFileReference; lastKnownFileType = sourcecode.swift; path = ComicVC.swift; sourceTree = "<group>"; };
		4AA8B28122FA713A0093F203 /* KindCollectionViewCell.swift */ = {isa = PBXFileReference; lastKnownFileType = sourcecode.swift; path = KindCollectionViewCell.swift; sourceTree = "<group>"; };
		4AA8B28522FAA8A40093F203 /* SpecialTVCell.swift */ = {isa = PBXFileReference; lastKnownFileType = sourcecode.swift; path = SpecialTVCell.swift; sourceTree = "<group>"; };
		4AA8B28722FAAED70093F203 /* WebViewController.swift */ = {isa = PBXFileReference; lastKnownFileType = sourcecode.swift; path = WebViewController.swift; sourceTree = "<group>"; };
		4AFBF14C22FBBFD1005A5D0F /* ComicHeadView.swift */ = {isa = PBXFileReference; lastKnownFileType = sourcecode.swift; path = ComicHeadView.swift; sourceTree = "<group>"; };
		4AFBF14E22FBC3E4005A5D0F /* UIViewExtension.swift */ = {isa = PBXFileReference; fileEncoding = 4; lastKnownFileType = sourcecode.swift; path = UIViewExtension.swift; sourceTree = "<group>"; };
		6B4373AEF60E2493F1549771 /* Pods-CACartoon.debug.xcconfig */ = {isa = PBXFileReference; includeInIndex = 1; lastKnownFileType = text.xcconfig; name = "Pods-CACartoon.debug.xcconfig"; path = "Target Support Files/Pods-CACartoon/Pods-CACartoon.debug.xcconfig"; sourceTree = "<group>"; };
		76216B021553ADE7335F8A47 /* Pods-CACartoon.release.xcconfig */ = {isa = PBXFileReference; includeInIndex = 1; lastKnownFileType = text.xcconfig; name = "Pods-CACartoon.release.xcconfig"; path = "Target Support Files/Pods-CACartoon/Pods-CACartoon.release.xcconfig"; sourceTree = "<group>"; };
		AEE5A9352E4F66DC59D566DF /* Pods_CACartoon.framework */ = {isa = PBXFileReference; explicitFileType = wrapper.framework; includeInIndex = 0; path = Pods_CACartoon.framework; sourceTree = BUILT_PRODUCTS_DIR; };
/* End PBXFileReference section */

/* Begin PBXFrameworksBuildPhase section */
		4A53021622F145F100571CB0 /* Frameworks */ = {
			isa = PBXFrameworksBuildPhase;
			buildActionMask = 2147483647;
			files = (
				D6B79DB7B6AE31F0C8DCE3B3 /* Pods_CACartoon.framework in Frameworks */,
			);
			runOnlyForDeploymentPostprocessing = 0;
		};
		4A53022A22F145F200571CB0 /* Frameworks */ = {
			isa = PBXFrameworksBuildPhase;
			buildActionMask = 2147483647;
			files = (
			);
			runOnlyForDeploymentPostprocessing = 0;
		};
		4A53023522F145F200571CB0 /* Frameworks */ = {
			isa = PBXFrameworksBuildPhase;
			buildActionMask = 2147483647;
			files = (
			);
			runOnlyForDeploymentPostprocessing = 0;
		};
/* End PBXFrameworksBuildPhase section */

/* Begin PBXGroup section */
		4A200A5522F7CA5600FAC019 /* View */ = {
			isa = PBXGroup;
			children = (
				4A14E19E22F4328300B74C60 /* BoardCollectionViewCell.swift */,
				4A84222022F964C9009C9692 /* RankTableViewCell.swift */,
				4AFBF14C22FBBFD1005A5D0F /* ComicHeadView.swift */,
				4A118A5A22FD67E30072D353 /* ComicTVCell.swift */,
				4A14E1A222F433BB00B74C60 /* ComicCollectionHeaderView.swift */,
				4A14E19C22F42D0300B74C60 /* ComicCollectionViewCell.swift */,
				4A118A4E22FD0B510072D353 /* ChapterHeaderView.swift */,
				4A118A4C22FD0A930072D353 /* ChapterCollectionViewCell.swift */,
				4A118A5222FD46A70072D353 /* ReadCollectionViewCell.swift */,
				4A118A5622FD49720072D353 /* ReadTopBarView.swift */,
				4A118A5822FD4A5A0072D353 /* ReadBottomBarView.swift */,
				4A6E5C7E23013AF8003F8528 /* UpdateTVCell.swift */,
				4A6BB9532302A419009CD5B7 /* ChapterView.swift */,
			);
			path = View;
			sourceTree = "<group>";
		};
		4A200A5622F7CA6B00FAC019 /* Controller */ = {
			isa = PBXGroup;
			children = (
				4A200A5722F809D600FAC019 /* HomeMainVC.swift */,
				4A76620722F2B7D400B0C415 /* HomeCommentVC.swift */,
				4A76620922F2B7EC00B0C415 /* HomeVIPVC.swift */,
				4A76620B22F2B80600B0C415 /* HomeSubscibeVC.swift */,
				4A76620D22F2B81D00B0C415 /* HomeRankVC.swift */,
				4A76621622F2D5F800B0C415 /* ComicListVC.swift */,
				4A84222222F9715C009C9692 /* ComicVC.swift */,
				4A118A4A22FD0A670072D353 /* ChapterVC.swift */,
				4A118A5022FD107F0072D353 /* CommentVC.swift */,
				4A118A5422FD49300072D353 /* ChapterReadVC.swift */,
				4A6E5C7C23013AA8003F8528 /* UpdateListVC.swift */,
				4A6E5C8223014E7A003F8528 /* SearchVC.swift */,
			);
			path = Controller;
			sourceTree = "<group>";
		};
		4A53021022F145F100571CB0 = {
			isa = PBXGroup;
			children = (
				4A53021B22F145F100571CB0 /* CACartoon */,
				4A53023022F145F200571CB0 /* CACartoonTests */,
				4A53023B22F145F200571CB0 /* CACartoonUITests */,
				4A53021A22F145F100571CB0 /* Products */,
				B9E2561504B8EC28C9FCD361 /* Pods */,
				D5372C58D12BA4702102D8F0 /* Frameworks */,
			);
			sourceTree = "<group>";
		};
		4A53021A22F145F100571CB0 /* Products */ = {
			isa = PBXGroup;
			children = (
				4A53021922F145F100571CB0 /* CACartoon.app */,
				4A53022D22F145F200571CB0 /* CACartoonTests.xctest */,
				4A53023822F145F200571CB0 /* CACartoonUITests.xctest */,
			);
			name = Products;
			sourceTree = "<group>";
		};
		4A53021B22F145F100571CB0 /* CACartoon */ = {
			isa = PBXGroup;
			children = (
				4A84221D22F9309D009C9692 /* Base */,
				4A76620F22F2B83900B0C415 /* Comment */,
				4A76621022F2B87900B0C415 /* HomePage */,
				4A76621122F2B8D100B0C415 /* KindPage */,
				4A76621422F2B93500B0C415 /* BookPage */,
				4A76621522F2B96500B0C415 /* MyPage */,
				4A53022022F145F100571CB0 /* Main.storyboard */,
				4A53022322F145F200571CB0 /* Assets.xcassets */,
				4A53022522F145F200571CB0 /* LaunchScreen.storyboard */,
				4A53022822F145F200571CB0 /* Info.plist */,
			);
			path = CACartoon;
			sourceTree = "<group>";
		};
		4A53023022F145F200571CB0 /* CACartoonTests */ = {
			isa = PBXGroup;
			children = (
				4A53023122F145F200571CB0 /* CACartoonTests.swift */,
				4A53023322F145F200571CB0 /* Info.plist */,
			);
			path = CACartoonTests;
			sourceTree = "<group>";
		};
		4A53023B22F145F200571CB0 /* CACartoonUITests */ = {
			isa = PBXGroup;
			children = (
				4A53023C22F145F200571CB0 /* CACartoonUITests.swift */,
				4A53023E22F145F200571CB0 /* Info.plist */,
			);
			path = CACartoonUITests;
			sourceTree = "<group>";
		};
		4A76620F22F2B83900B0C415 /* Comment */ = {
			isa = PBXGroup;
			children = (
				4A6E5C802301439A003F8528 /* UEmptyDataSet.swift */,
				4AFBF14E22FBC3E4005A5D0F /* UIViewExtension.swift */,
				4A14E1A422F437BD00B74C60 /* ArrayExtensions.swift */,
				4A53025A22F1932200571CB0 /* SystemCommon.swift */,
				4A53021C22F145F100571CB0 /* AppDelegate.swift */,
			);
			path = Comment;
			sourceTree = "<group>";
		};
		4A76621022F2B87900B0C415 /* HomePage */ = {
			isa = PBXGroup;
			children = (
				4A200A5522F7CA5600FAC019 /* View */,
				4A200A5622F7CA6B00FAC019 /* Controller */,
			);
			path = HomePage;
			sourceTree = "<group>";
		};
		4A76621122F2B8D100B0C415 /* KindPage */ = {
			isa = PBXGroup;
			children = (
				4AA8B27F22FA70FB0093F203 /* View */,
				4AA8B28022FA71060093F203 /* Controller */,
			);
			path = KindPage;
			sourceTree = "<group>";
		};
		4A76621422F2B93500B0C415 /* BookPage */ = {
			isa = PBXGroup;
			children = (
				4AA8B28322FAA86B0093F203 /* View */,
				4AA8B28422FAA8760093F203 /* Controller */,
			);
			path = BookPage;
			sourceTree = "<group>";
		};
		4A76621522F2B96500B0C415 /* MyPage */ = {
			isa = PBXGroup;
			children = (
				4A53025422F18E9D00571CB0 /* MyVC.swift */,
				4A6BB951230296FD009CD5B7 /* aboutVC.swift */,
			);
			path = MyPage;
			sourceTree = "<group>";
		};
		4A84221D22F9309D009C9692 /* Base */ = {
			isa = PBXGroup;
			children = (
				4A14E19922F427DA00B74C60 /* UCollectionViewSectionBackgroundLayout.swift */,
				4A14E19822F427DA00B74C60 /* UCollectionViewAlignedLayout.swift */,
				4A14E19222F415C300B74C60 /* LBUAPI.swift */,
				4A14E19422F417A900B74C60 /* LBUModel.swift */,
				4A53024C22F16E3600571CB0 /* CATabBarVC.swift */,
				4A14E19622F4243600B74C60 /* BaseCollectionViewCell.swift */,
				4A14E1A022F4331600B74C60 /* BaseCollectionReusableView.swift */,
				4A84221E22F96484009C9692 /* BaseTableViewCell.swift */,
				4AA8B28722FAAED70093F203 /* WebViewController.swift */,
			);
			path = Base;
			sourceTree = "<group>";
		};
		4AA8B27F22FA70FB0093F203 /* View */ = {
			isa = PBXGroup;
			children = (
				4AA8B28122FA713A0093F203 /* KindCollectionViewCell.swift */,
			);
			path = View;
			sourceTree = "<group>";
		};
		4AA8B28022FA71060093F203 /* Controller */ = {
			isa = PBXGroup;
			children = (
				4A76621222F2B91C00B0C415 /* KindVC.swift */,
			);
			path = Controller;
			sourceTree = "<group>";
		};
		4AA8B28322FAA86B0093F203 /* View */ = {
			isa = PBXGroup;
			children = (
				4AA8B28522FAA8A40093F203 /* SpecialTVCell.swift */,
			);
			path = View;
			sourceTree = "<group>";
		};
		4AA8B28422FAA8760093F203 /* Controller */ = {
			isa = PBXGroup;
			children = (
				4A53025622F18EDB00571CB0 /* BookVC.swift */,
			);
			path = Controller;
			sourceTree = "<group>";
		};
		B9E2561504B8EC28C9FCD361 /* Pods */ = {
			isa = PBXGroup;
			children = (
				6B4373AEF60E2493F1549771 /* Pods-CACartoon.debug.xcconfig */,
				76216B021553ADE7335F8A47 /* Pods-CACartoon.release.xcconfig */,
			);
			path = Pods;
			sourceTree = "<group>";
		};
		D5372C58D12BA4702102D8F0 /* Frameworks */ = {
			isa = PBXGroup;
			children = (
				AEE5A9352E4F66DC59D566DF /* Pods_CACartoon.framework */,
			);
			name = Frameworks;
			sourceTree = "<group>";
		};
/* End PBXGroup section */

/* Begin PBXNativeTarget section */
		4A53021822F145F100571CB0 /* CACartoon */ = {
			isa = PBXNativeTarget;
			buildConfigurationList = 4A53024122F145F200571CB0 /* Build configuration list for PBXNativeTarget "CACartoon" */;
			buildPhases = (
				F41BB6B9D14313A9DB22C9BB /* [CP] Check Pods Manifest.lock */,
				4A53021522F145F100571CB0 /* Sources */,
				4A53021622F145F100571CB0 /* Frameworks */,
				4A53021722F145F100571CB0 /* Resources */,
				E87EC325F5795CEA7A666113 /* [CP] Embed Pods Frameworks */,
			);
			buildRules = (
			);
			dependencies = (
			);
			name = CACartoon;
			productName = CACartoon;
			productReference = 4A53021922F145F100571CB0 /* CACartoon.app */;
			productType = "com.apple.product-type.application";
		};
		4A53022C22F145F200571CB0 /* CACartoonTests */ = {
			isa = PBXNativeTarget;
			buildConfigurationList = 4A53024422F145F200571CB0 /* Build configuration list for PBXNativeTarget "CACartoonTests" */;
			buildPhases = (
				4A53022922F145F200571CB0 /* Sources */,
				4A53022A22F145F200571CB0 /* Frameworks */,
				4A53022B22F145F200571CB0 /* Resources */,
			);
			buildRules = (
			);
			dependencies = (
				4A53022F22F145F200571CB0 /* PBXTargetDependency */,
			);
			name = CACartoonTests;
			productName = CACartoonTests;
			productReference = 4A53022D22F145F200571CB0 /* CACartoonTests.xctest */;
			productType = "com.apple.product-type.bundle.unit-test";
		};
		4A53023722F145F200571CB0 /* CACartoonUITests */ = {
			isa = PBXNativeTarget;
			buildConfigurationList = 4A53024722F145F200571CB0 /* Build configuration list for PBXNativeTarget "CACartoonUITests" */;
			buildPhases = (
				4A53023422F145F200571CB0 /* Sources */,
				4A53023522F145F200571CB0 /* Frameworks */,
				4A53023622F145F200571CB0 /* Resources */,
			);
			buildRules = (
			);
			dependencies = (
				4A53023A22F145F200571CB0 /* PBXTargetDependency */,
			);
			name = CACartoonUITests;
			productName = CACartoonUITests;
			productReference = 4A53023822F145F200571CB0 /* CACartoonUITests.xctest */;
			productType = "com.apple.product-type.bundle.ui-testing";
		};
/* End PBXNativeTarget section */

/* Begin PBXProject section */
		4A53021122F145F100571CB0 /* Project object */ = {
			isa = PBXProject;
			attributes = {
				LastSwiftUpdateCheck = 1030;
				LastUpgradeCheck = 1030;
				ORGANIZATIONNAME = Cary;
				TargetAttributes = {
					4A53021822F145F100571CB0 = {
						CreatedOnToolsVersion = 10.3;
					};
					4A53022C22F145F200571CB0 = {
						CreatedOnToolsVersion = 10.3;
						TestTargetID = 4A53021822F145F100571CB0;
					};
					4A53023722F145F200571CB0 = {
						CreatedOnToolsVersion = 10.3;
						TestTargetID = 4A53021822F145F100571CB0;
					};
				};
			};
			buildConfigurationList = 4A53021422F145F100571CB0 /* Build configuration list for PBXProject "CACartoon" */;
			compatibilityVersion = "Xcode 9.3";
			developmentRegion = en;
			hasScannedForEncodings = 0;
			knownRegions = (
				en,
				Base,
			);
			mainGroup = 4A53021022F145F100571CB0;
			productRefGroup = 4A53021A22F145F100571CB0 /* Products */;
			projectDirPath = "";
			projectRoot = "";
			targets = (
				4A53021822F145F100571CB0 /* CACartoon */,
				4A53022C22F145F200571CB0 /* CACartoonTests */,
				4A53023722F145F200571CB0 /* CACartoonUITests */,
			);
		};
/* End PBXProject section */

/* Begin PBXResourcesBuildPhase section */
		4A53021722F145F100571CB0 /* Resources */ = {
			isa = PBXResourcesBuildPhase;
			buildActionMask = 2147483647;
			files = (
				4A53022722F145F200571CB0 /* LaunchScreen.storyboard in Resources */,
				4A53022422F145F200571CB0 /* Assets.xcassets in Resources */,
				4A53022222F145F100571CB0 /* Main.storyboard in Resources */,
			);
			runOnlyForDeploymentPostprocessing = 0;
		};
		4A53022B22F145F200571CB0 /* Resources */ = {
			isa = PBXResourcesBuildPhase;
			buildActionMask = 2147483647;
			files = (
			);
			runOnlyForDeploymentPostprocessing = 0;
		};
		4A53023622F145F200571CB0 /* Resources */ = {
			isa = PBXResourcesBuildPhase;
			buildActionMask = 2147483647;
			files = (
			);
			runOnlyForDeploymentPostprocessing = 0;
		};
/* End PBXResourcesBuildPhase section */

/* Begin PBXShellScriptBuildPhase section */
		E87EC325F5795CEA7A666113 /* [CP] Embed Pods Frameworks */ = {
			isa = PBXShellScriptBuildPhase;
			buildActionMask = 2147483647;
			files = (
			);
			inputFileListPaths = (
				"${PODS_ROOT}/Target Support Files/Pods-CACartoon/Pods-CACartoon-frameworks-${CONFIGURATION}-input-files.xcfilelist",
			);
			name = "[CP] Embed Pods Frameworks";
			outputFileListPaths = (
				"${PODS_ROOT}/Target Support Files/Pods-CACartoon/Pods-CACartoon-frameworks-${CONFIGURATION}-output-files.xcfilelist",
			);
			runOnlyForDeploymentPostprocessing = 0;
			shellPath = /bin/sh;
			shellScript = "\"${PODS_ROOT}/Target Support Files/Pods-CACartoon/Pods-CACartoon-frameworks.sh\"\n";
			showEnvVarsInLog = 0;
		};
		F41BB6B9D14313A9DB22C9BB /* [CP] Check Pods Manifest.lock */ = {
			isa = PBXShellScriptBuildPhase;
			buildActionMask = 2147483647;
			files = (
			);
			inputFileListPaths = (
			);
			inputPaths = (
				"${PODS_PODFILE_DIR_PATH}/Podfile.lock",
				"${PODS_ROOT}/Manifest.lock",
			);
			name = "[CP] Check Pods Manifest.lock";
			outputFileListPaths = (
			);
			outputPaths = (
				"$(DERIVED_FILE_DIR)/Pods-CACartoon-checkManifestLockResult.txt",
			);
			runOnlyForDeploymentPostprocessing = 0;
			shellPath = /bin/sh;
			shellScript = "diff \"${PODS_PODFILE_DIR_PATH}/Podfile.lock\" \"${PODS_ROOT}/Manifest.lock\" > /dev/null\nif [ $? != 0 ] ; then\n    # print error to STDERR\n    echo \"error: The sandbox is not in sync with the Podfile.lock. Run 'pod install' or update your CocoaPods installation.\" >&2\n    exit 1\nfi\n# This output is used by Xcode 'outputs' to avoid re-running this script phase.\necho \"SUCCESS\" > \"${SCRIPT_OUTPUT_FILE_0}\"\n";
			showEnvVarsInLog = 0;
		};
/* End PBXShellScriptBuildPhase section */

/* Begin PBXSourcesBuildPhase section */
		4A53021522F145F100571CB0 /* Sources */ = {
			isa = PBXSourcesBuildPhase;
			buildActionMask = 2147483647;
			files = (
				4A6BB952230296FD009CD5B7 /* aboutVC.swift in Sources */,
				4AFBF14F22FBC3E4005A5D0F /* UIViewExtension.swift in Sources */,
				4A14E1A122F4331600B74C60 /* BaseCollectionReusableView.swift in Sources */,
				4A84222122F964C9009C9692 /* RankTableViewCell.swift in Sources */,
				4A76621722F2D5F800B0C415 /* ComicListVC.swift in Sources */,
				4A76621322F2B91C00B0C415 /* KindVC.swift in Sources */,
				4A6E5C7D23013AA8003F8528 /* UpdateListVC.swift in Sources */,
				4A118A5322FD46A70072D353 /* ReadCollectionViewCell.swift in Sources */,
				4A76620A22F2B7EC00B0C415 /* HomeVIPVC.swift in Sources */,
				4A6E5C8323014E7A003F8528 /* SearchVC.swift in Sources */,
				4AA8B28622FAA8A40093F203 /* SpecialTVCell.swift in Sources */,
				4A14E19A22F427DA00B74C60 /* UCollectionViewAlignedLayout.swift in Sources */,
				4A118A4D22FD0A930072D353 /* ChapterCollectionViewCell.swift in Sources */,
				4A53024D22F16E3600571CB0 /* CATabBarVC.swift in Sources */,
				4A118A4B22FD0A670072D353 /* ChapterVC.swift in Sources */,
				4A76620822F2B7D400B0C415 /* HomeCommentVC.swift in Sources */,
				4A118A5922FD4A5A0072D353 /* ReadBottomBarView.swift in Sources */,
				4A14E1A522F437BD00B74C60 /* ArrayExtensions.swift in Sources */,
				4A6E5C812301439A003F8528 /* UEmptyDataSet.swift in Sources */,
				4A14E19D22F42D0300B74C60 /* ComicCollectionViewCell.swift in Sources */,
				4AFBF14D22FBBFD1005A5D0F /* ComicHeadView.swift in Sources */,
				4AA8B28822FAAED70093F203 /* WebViewController.swift in Sources */,
				4A14E19B22F427DA00B74C60 /* UCollectionViewSectionBackgroundLayout.swift in Sources */,
				4A118A5522FD49300072D353 /* ChapterReadVC.swift in Sources */,
				4A14E1A322F433BB00B74C60 /* ComicCollectionHeaderView.swift in Sources */,
				4A6E5C7F23013AF8003F8528 /* UpdateTVCell.swift in Sources */,
				4A76620E22F2B81D00B0C415 /* HomeRankVC.swift in Sources */,
				4A53025B22F1932200571CB0 /* SystemCommon.swift in Sources */,
				4A14E19722F4243600B74C60 /* BaseCollectionViewCell.swift in Sources */,
				4A6BB9542302A419009CD5B7 /* ChapterView.swift in Sources */,
				4A76620C22F2B80700B0C415 /* HomeSubscibeVC.swift in Sources */,
				4A14E19322F415C300B74C60 /* LBUAPI.swift in Sources */,
				4A14E19F22F4328300B74C60 /* BoardCollectionViewCell.swift in Sources */,
				4A53025722F18EDB00571CB0 /* BookVC.swift in Sources */,
				4A53021D22F145F100571CB0 /* AppDelegate.swift in Sources */,
				4A118A5722FD49720072D353 /* ReadTopBarView.swift in Sources */,
				4A118A5B22FD67E30072D353 /* ComicTVCell.swift in Sources */,
				4A118A5122FD107F0072D353 /* CommentVC.swift in Sources */,
				4AA8B28222FA713A0093F203 /* KindCollectionViewCell.swift in Sources */,
				4A118A4F22FD0B510072D353 /* ChapterHeaderView.swift in Sources */,
				4A53025522F18E9D00571CB0 /* MyVC.swift in Sources */,
				4A84221F22F96484009C9692 /* BaseTableViewCell.swift in Sources */,
				4A14E19522F417A900B74C60 /* LBUModel.swift in Sources */,
				4A200A5822F809D600FAC019 /* HomeMainVC.swift in Sources */,
				4A84222322F9715C009C9692 /* ComicVC.swift in Sources */,
			);
			runOnlyForDeploymentPostprocessing = 0;
		};
		4A53022922F145F200571CB0 /* Sources */ = {
			isa = PBXSourcesBuildPhase;
			buildActionMask = 2147483647;
			files = (
				4A53023222F145F200571CB0 /* CACartoonTests.swift in Sources */,
			);
			runOnlyForDeploymentPostprocessing = 0;
		};
		4A53023422F145F200571CB0 /* Sources */ = {
			isa = PBXSourcesBuildPhase;
			buildActionMask = 2147483647;
			files = (
				4A53023D22F145F200571CB0 /* CACartoonUITests.swift in Sources */,
			);
			runOnlyForDeploymentPostprocessing = 0;
		};
/* End PBXSourcesBuildPhase section */

/* Begin PBXTargetDependency section */
		4A53022F22F145F200571CB0 /* PBXTargetDependency */ = {
			isa = PBXTargetDependency;
			target = 4A53021822F145F100571CB0 /* CACartoon */;
			targetProxy = 4A53022E22F145F200571CB0 /* PBXContainerItemProxy */;
		};
		4A53023A22F145F200571CB0 /* PBXTargetDependency */ = {
			isa = PBXTargetDependency;
			target = 4A53021822F145F100571CB0 /* CACartoon */;
			targetProxy = 4A53023922F145F200571CB0 /* PBXContainerItemProxy */;
		};
/* End PBXTargetDependency section */

/* Begin PBXVariantGroup section */
		4A53022022F145F100571CB0 /* Main.storyboard */ = {
			isa = PBXVariantGroup;
			children = (
				4A53022122F145F100571CB0 /* Base */,
			);
			name = Main.storyboard;
			sourceTree = "<group>";
		};
		4A53022522F145F200571CB0 /* LaunchScreen.storyboard */ = {
			isa = PBXVariantGroup;
			children = (
				4A53022622F145F200571CB0 /* Base */,
			);
			name = LaunchScreen.storyboard;
			sourceTree = "<group>";
		};
/* End PBXVariantGroup section */

/* Begin XCBuildConfiguration section */
		4A53023F22F145F200571CB0 /* Debug */ = {
			isa = XCBuildConfiguration;
			buildSettings = {
				ALWAYS_SEARCH_USER_PATHS = NO;
				CLANG_ANALYZER_NONNULL = YES;
				CLANG_ANALYZER_NUMBER_OBJECT_CONVERSION = YES_AGGRESSIVE;
				CLANG_CXX_LANGUAGE_STANDARD = "gnu++14";
				CLANG_CXX_LIBRARY = "libc++";
				CLANG_ENABLE_MODULES = YES;
				CLANG_ENABLE_OBJC_ARC = YES;
				CLANG_ENABLE_OBJC_WEAK = YES;
				CLANG_WARN_BLOCK_CAPTURE_AUTORELEASING = YES;
				CLANG_WARN_BOOL_CONVERSION = YES;
				CLANG_WARN_COMMA = YES;
				CLANG_WARN_CONSTANT_CONVERSION = YES;
				CLANG_WARN_DEPRECATED_OBJC_IMPLEMENTATIONS = YES;
				CLANG_WARN_DIRECT_OBJC_ISA_USAGE = YES_ERROR;
				CLANG_WARN_DOCUMENTATION_COMMENTS = YES;
				CLANG_WARN_EMPTY_BODY = YES;
				CLANG_WARN_ENUM_CONVERSION = YES;
				CLANG_WARN_INFINITE_RECURSION = YES;
				CLANG_WARN_INT_CONVERSION = YES;
				CLANG_WARN_NON_LITERAL_NULL_CONVERSION = YES;
				CLANG_WARN_OBJC_IMPLICIT_RETAIN_SELF = YES;
				CLANG_WARN_OBJC_LITERAL_CONVERSION = YES;
				CLANG_WARN_OBJC_ROOT_CLASS = YES_ERROR;
				CLANG_WARN_RANGE_LOOP_ANALYSIS = YES;
				CLANG_WARN_STRICT_PROTOTYPES = YES;
				CLANG_WARN_SUSPICIOUS_MOVE = YES;
				CLANG_WARN_UNGUARDED_AVAILABILITY = YES_AGGRESSIVE;
				CLANG_WARN_UNREACHABLE_CODE = YES;
				CLANG_WARN__DUPLICATE_METHOD_MATCH = YES;
				CODE_SIGN_IDENTITY = "iPhone Developer";
				COPY_PHASE_STRIP = NO;
				DEBUG_INFORMATION_FORMAT = dwarf;
				ENABLE_STRICT_OBJC_MSGSEND = YES;
				ENABLE_TESTABILITY = YES;
				GCC_C_LANGUAGE_STANDARD = gnu11;
				GCC_DYNAMIC_NO_PIC = NO;
				GCC_NO_COMMON_BLOCKS = YES;
				GCC_OPTIMIZATION_LEVEL = 0;
				GCC_PREPROCESSOR_DEFINITIONS = (
					"DEBUG=1",
					"$(inherited)",
				);
				GCC_WARN_64_TO_32_BIT_CONVERSION = YES;
				GCC_WARN_ABOUT_RETURN_TYPE = YES_ERROR;
				GCC_WARN_UNDECLARED_SELECTOR = YES;
				GCC_WARN_UNINITIALIZED_AUTOS = YES_AGGRESSIVE;
				GCC_WARN_UNUSED_FUNCTION = YES;
				GCC_WARN_UNUSED_VARIABLE = YES;
				IPHONEOS_DEPLOYMENT_TARGET = 12.4;
				MTL_ENABLE_DEBUG_INFO = INCLUDE_SOURCE;
				MTL_FAST_MATH = YES;
				ONLY_ACTIVE_ARCH = YES;
				SDKROOT = iphoneos;
				SWIFT_ACTIVE_COMPILATION_CONDITIONS = DEBUG;
				SWIFT_OPTIMIZATION_LEVEL = "-Onone";
			};
			name = Debug;
		};
		4A53024022F145F200571CB0 /* Release */ = {
			isa = XCBuildConfiguration;
			buildSettings = {
				ALWAYS_SEARCH_USER_PATHS = NO;
				CLANG_ANALYZER_NONNULL = YES;
				CLANG_ANALYZER_NUMBER_OBJECT_CONVERSION = YES_AGGRESSIVE;
				CLANG_CXX_LANGUAGE_STANDARD = "gnu++14";
				CLANG_CXX_LIBRARY = "libc++";
				CLANG_ENABLE_MODULES = YES;
				CLANG_ENABLE_OBJC_ARC = YES;
				CLANG_ENABLE_OBJC_WEAK = YES;
				CLANG_WARN_BLOCK_CAPTURE_AUTORELEASING = YES;
				CLANG_WARN_BOOL_CONVERSION = YES;
				CLANG_WARN_COMMA = YES;
				CLANG_WARN_CONSTANT_CONVERSION = YES;
				CLANG_WARN_DEPRECATED_OBJC_IMPLEMENTATIONS = YES;
				CLANG_WARN_DIRECT_OBJC_ISA_USAGE = YES_ERROR;
				CLANG_WARN_DOCUMENTATION_COMMENTS = YES;
				CLANG_WARN_EMPTY_BODY = YES;
				CLANG_WARN_ENUM_CONVERSION = YES;
				CLANG_WARN_INFINITE_RECURSION = YES;
				CLANG_WARN_INT_CONVERSION = YES;
				CLANG_WARN_NON_LITERAL_NULL_CONVERSION = YES;
				CLANG_WARN_OBJC_IMPLICIT_RETAIN_SELF = YES;
				CLANG_WARN_OBJC_LITERAL_CONVERSION = YES;
				CLANG_WARN_OBJC_ROOT_CLASS = YES_ERROR;
				CLANG_WARN_RANGE_LOOP_ANALYSIS = YES;
				CLANG_WARN_STRICT_PROTOTYPES = YES;
				CLANG_WARN_SUSPICIOUS_MOVE = YES;
				CLANG_WARN_UNGUARDED_AVAILABILITY = YES_AGGRESSIVE;
				CLANG_WARN_UNREACHABLE_CODE = YES;
				CLANG_WARN__DUPLICATE_METHOD_MATCH = YES;
				CODE_SIGN_IDENTITY = "iPhone Developer";
				COPY_PHASE_STRIP = NO;
				DEBUG_INFORMATION_FORMAT = "dwarf-with-dsym";
				ENABLE_NS_ASSERTIONS = NO;
				ENABLE_STRICT_OBJC_MSGSEND = YES;
				GCC_C_LANGUAGE_STANDARD = gnu11;
				GCC_NO_COMMON_BLOCKS = YES;
				GCC_WARN_64_TO_32_BIT_CONVERSION = YES;
				GCC_WARN_ABOUT_RETURN_TYPE = YES_ERROR;
				GCC_WARN_UNDECLARED_SELECTOR = YES;
				GCC_WARN_UNINITIALIZED_AUTOS = YES_AGGRESSIVE;
				GCC_WARN_UNUSED_FUNCTION = YES;
				GCC_WARN_UNUSED_VARIABLE = YES;
				IPHONEOS_DEPLOYMENT_TARGET = 12.4;
				MTL_ENABLE_DEBUG_INFO = NO;
				MTL_FAST_MATH = YES;
				SDKROOT = iphoneos;
				SWIFT_COMPILATION_MODE = wholemodule;
				SWIFT_OPTIMIZATION_LEVEL = "-O";
				VALIDATE_PRODUCT = YES;
			};
			name = Release;
		};
		4A53024222F145F200571CB0 /* Debug */ = {
			isa = XCBuildConfiguration;
			baseConfigurationReference = 6B4373AEF60E2493F1549771 /* Pods-CACartoon.debug.xcconfig */;
			buildSettings = {
				ASSETCATALOG_COMPILER_APPICON_NAME = AppIcon;
				CODE_SIGN_STYLE = Automatic;
				DEVELOPMENT_TEAM = QAA4P965T4;
				INFOPLIST_FILE = CACartoon/Info.plist;
				IPHONEOS_DEPLOYMENT_TARGET = 12.3;
				LD_RUNPATH_SEARCH_PATHS = (
					"$(inherited)",
					"@executable_path/Frameworks",
				);
				PRODUCT_BUNDLE_IDENTIFIER = com.ZexueEducation.CACartoon;
				PRODUCT_NAME = "$(TARGET_NAME)";
				SWIFT_VERSION = 5.0;
				TARGETED_DEVICE_FAMILY = "1,2";
			};
			name = Debug;
		};
		4A53024322F145F200571CB0 /* Release */ = {
			isa = XCBuildConfiguration;
			baseConfigurationReference = 76216B021553ADE7335F8A47 /* Pods-CACartoon.release.xcconfig */;
			buildSettings = {
				ASSETCATALOG_COMPILER_APPICON_NAME = AppIcon;
				CODE_SIGN_STYLE = Automatic;
				DEVELOPMENT_TEAM = QAA4P965T4;
				INFOPLIST_FILE = CACartoon/Info.plist;
				IPHONEOS_DEPLOYMENT_TARGET = 12.3;
				LD_RUNPATH_SEARCH_PATHS = (
					"$(inherited)",
					"@executable_path/Frameworks",
				);
				PRODUCT_BUNDLE_IDENTIFIER = com.ZexueEducation.CACartoon;
				PRODUCT_NAME = "$(TARGET_NAME)";
				SWIFT_VERSION = 5.0;
				TARGETED_DEVICE_FAMILY = "1,2";
			};
			name = Release;
		};
		4A53024522F145F200571CB0 /* Debug */ = {
			isa = XCBuildConfiguration;
			buildSettings = {
				ALWAYS_EMBED_SWIFT_STANDARD_LIBRARIES = YES;
				BUNDLE_LOADER = "$(TEST_HOST)";
				CODE_SIGN_STYLE = Automatic;
				INFOPLIST_FILE = CACartoonTests/Info.plist;
				LD_RUNPATH_SEARCH_PATHS = (
					"$(inherited)",
					"@executable_path/Frameworks",
					"@loader_path/Frameworks",
				);
				PRODUCT_BUNDLE_IDENTIFIER = com.ZexueEducation.CACartoonTests;
				PRODUCT_NAME = "$(TARGET_NAME)";
				SWIFT_VERSION = 5.0;
				TARGETED_DEVICE_FAMILY = "1,2";
				TEST_HOST = "$(BUILT_PRODUCTS_DIR)/CACartoon.app/CACartoon";
			};
			name = Debug;
		};
		4A53024622F145F200571CB0 /* Release */ = {
			isa = XCBuildConfiguration;
			buildSettings = {
				ALWAYS_EMBED_SWIFT_STANDARD_LIBRARIES = YES;
				BUNDLE_LOADER = "$(TEST_HOST)";
				CODE_SIGN_STYLE = Automatic;
				INFOPLIST_FILE = CACartoonTests/Info.plist;
				LD_RUNPATH_SEARCH_PATHS = (
					"$(inherited)",
					"@executable_path/Frameworks",
					"@loader_path/Frameworks",
				);
				PRODUCT_BUNDLE_IDENTIFIER = com.ZexueEducation.CACartoonTests;
				PRODUCT_NAME = "$(TARGET_NAME)";
				SWIFT_VERSION = 5.0;
				TARGETED_DEVICE_FAMILY = "1,2";
				TEST_HOST = "$(BUILT_PRODUCTS_DIR)/CACartoon.app/CACartoon";
			};
			name = Release;
		};
		4A53024822F145F200571CB0 /* Debug */ = {
			isa = XCBuildConfiguration;
			buildSettings = {
				ALWAYS_EMBED_SWIFT_STANDARD_LIBRARIES = YES;
				CODE_SIGN_STYLE = Automatic;
				INFOPLIST_FILE = CACartoonUITests/Info.plist;
				LD_RUNPATH_SEARCH_PATHS = (
					"$(inherited)",
					"@executable_path/Frameworks",
					"@loader_path/Frameworks",
				);
				PRODUCT_BUNDLE_IDENTIFIER = com.ZexueEducation.CACartoonUITests;
				PRODUCT_NAME = "$(TARGET_NAME)";
				SWIFT_VERSION = 5.0;
				TARGETED_DEVICE_FAMILY = "1,2";
				TEST_TARGET_NAME = CACartoon;
			};
			name = Debug;
		};
		4A53024922F145F200571CB0 /* Release */ = {
			isa = XCBuildConfiguration;
			buildSettings = {
				ALWAYS_EMBED_SWIFT_STANDARD_LIBRARIES = YES;
				CODE_SIGN_STYLE = Automatic;
				INFOPLIST_FILE = CACartoonUITests/Info.plist;
				LD_RUNPATH_SEARCH_PATHS = (
					"$(inherited)",
					"@executable_path/Frameworks",
					"@loader_path/Frameworks",
				);
				PRODUCT_BUNDLE_IDENTIFIER = com.ZexueEducation.CACartoonUITests;
				PRODUCT_NAME = "$(TARGET_NAME)";
				SWIFT_VERSION = 5.0;
				TARGETED_DEVICE_FAMILY = "1,2";
				TEST_TARGET_NAME = CACartoon;
			};
			name = Release;
		};
/* End XCBuildConfiguration section */

/* Begin XCConfigurationList section */
		4A53021422F145F100571CB0 /* Build configuration list for PBXProject "CACartoon" */ = {
			isa = XCConfigurationList;
			buildConfigurations = (
				4A53023F22F145F200571CB0 /* Debug */,
				4A53024022F145F200571CB0 /* Release */,
			);
			defaultConfigurationIsVisible = 0;
			defaultConfigurationName = Release;
		};
		4A53024122F145F200571CB0 /* Build configuration list for PBXNativeTarget "CACartoon" */ = {
			isa = XCConfigurationList;
			buildConfigurations = (
				4A53024222F145F200571CB0 /* Debug */,
				4A53024322F145F200571CB0 /* Release */,
			);
			defaultConfigurationIsVisible = 0;
			defaultConfigurationName = Release;
		};
		4A53024422F145F200571CB0 /* Build configuration list for PBXNativeTarget "CACartoonTests" */ = {
			isa = XCConfigurationList;
			buildConfigurations = (
				4A53024522F145F200571CB0 /* Debug */,
				4A53024622F145F200571CB0 /* Release */,
			);
			defaultConfigurationIsVisible = 0;
			defaultConfigurationName = Release;
		};
		4A53024722F145F200571CB0 /* Build configuration list for PBXNativeTarget "CACartoonUITests" */ = {
			isa = XCConfigurationList;
			buildConfigurations = (
				4A53024822F145F200571CB0 /* Debug */,
				4A53024922F145F200571CB0 /* Release */,
			);
			defaultConfigurationIsVisible = 0;
			defaultConfigurationName = Release;
		};
/* End XCConfigurationList section */
	};
	rootObject = 4A53021122F145F100571CB0 /* Project object */;
}
